
Microsoft Visual Studio Solution File, Format Version 12.00
# Visual Studio Version 17
VisualStudioVersion = 17.5.002.0
MinimumVisualStudioVersion = 10.0.40219.1
Project("{9A19103F-16F7-4668-BE54-9A1E7A4F7556}") = "Api", "Api\Api.csproj", "{BBBA322E-B435-41FA-9E94-041FBD0772ED}"
EndProject
Global
	GlobalSection(SolutionConfigurationPlatforms) = preSolution
		Debug|Any CPU = Debug|Any CPU
		Release|Any CPU = Release|Any CPU
	EndGlobalSection
	GlobalSection(ProjectConfigurationPlatforms) = postSolution
		{BBBA322E-B435-41FA-9E94-041FBD0772ED}.Debug|Any CPU.ActiveCfg = Debug|Any CPU
		{BBBA322E-B435-41FA-9E94-041FBD0772ED}.Debug|Any CPU.Build.0 = Debug|Any CPU
		{BBBA322E-B435-41FA-9E94-041FBD0772ED}.Release|Any CPU.ActiveCfg = Release|Any CPU
		{BBBA322E-B435-41FA-9E94-041FBD0772ED}.Release|Any CPU.Build.0 = Release|Any CPU
	EndGlobalSection
	GlobalSection(SolutionProperties) = preSolution
		HideSolutionNode = FALSE
	EndGlobalSection
	GlobalSection(ExtensibilityGlobals) = postSolution
		SolutionGuid = {FF1D976C-FFAB-4FB9-B84B-A479BBDCEDA7}
	EndGlobalSection
EndGlobal
